#MicroXplorer Configuration settings - do not modify
Dma.MEMTOMEM.2.Direction=DMA_MEMORY_TO_MEMORY
Dma.MEMTOMEM.2.FIFOMode=DMA_FIFOMODE_ENABLE
Dma.MEMTOMEM.2.FIFOThreshold=DMA_FIFO_THRESHOLD_FULL
Dma.MEMTOMEM.2.Instance=DMA2_Stream3
Dma.MEMTOMEM.2.MemBurst=DMA_MBURST_SINGLE
Dma.MEMTOMEM.2.MemDataAlignment=DMA_MDATAALIGN_HALFWORD
Dma.MEMTOMEM.2.MemInc=DMA_MINC_DISABLE
Dma.MEMTOMEM.2.Mode=DMA_NORMAL
Dma.MEMTOMEM.2.PeriphBurst=DMA_PBURST_SINGLE
Dma.MEMTOMEM.2.PeriphDataAlignment=DMA_PDATAALIGN_HALFWORD
Dma.MEMTOMEM.2.PeriphInc=DMA_PINC_ENABLE
Dma.MEMTOMEM.2.Priority=DMA_PRIORITY_LOW
Dma.MEMTOMEM.2.RequestParameters=Instance,Direction,PeriphInc,MemInc,PeriphDataAlignment,MemDataAlignment,Mode,Priority,FIFOMode,FIFOThreshold,MemBurst,PeriphBurst
Dma.MEMTOMEM.3.Direction=DMA_MEMORY_TO_MEMORY
Dma.MEMTOMEM.3.FIFOMode=DMA_FIFOMODE_ENABLE
Dma.MEMTOMEM.3.FIFOThreshold=DMA_FIFO_THRESHOLD_FULL
Dma.MEMTOMEM.3.Instance=DMA2_Stream4
Dma.MEMTOMEM.3.MemBurst=DMA_MBURST_SINGLE
Dma.MEMTOMEM.3.MemDataAlignment=DMA_MDATAALIGN_HALFWORD
Dma.MEMTOMEM.3.MemInc=DMA_MINC_DISABLE
Dma.MEMTOMEM.3.Mode=DMA_NORMAL
Dma.MEMTOMEM.3.PeriphBurst=DMA_PBURST_SINGLE
Dma.MEMTOMEM.3.PeriphDataAlignment=DMA_PDATAALIGN_HALFWORD
Dma.MEMTOMEM.3.PeriphInc=DMA_PINC_DISABLE
Dma.MEMTOMEM.3.Priority=DMA_PRIORITY_LOW
Dma.MEMTOMEM.3.RequestParameters=Instance,Direction,PeriphInc,MemInc,PeriphDataAlignment,MemDataAlignment,Mode,Priority,FIFOMode,FIFOThreshold,MemBurst,PeriphBurst
Dma.Request0=TIM1_CH1
Dma.Request1=TIM1_CH2
Dma.Request2=MEMTOMEM
Dma.Request3=MEMTOMEM
Dma.RequestsNb=4
Dma.TIM1_CH1.0.Direction=DMA_MEMORY_TO_PERIPH
Dma.TIM1_CH1.0.FIFOMode=DMA_FIFOMODE_ENABLE
Dma.TIM1_CH1.0.FIFOThreshold=DMA_FIFO_THRESHOLD_FULL
Dma.TIM1_CH1.0.Instance=DMA2_Stream1
Dma.TIM1_CH1.0.MemBurst=DMA_MBURST_SINGLE
Dma.TIM1_CH1.0.MemDataAlignment=DMA_MDATAALIGN_HALFWORD
Dma.TIM1_CH1.0.MemInc=DMA_MINC_ENABLE
Dma.TIM1_CH1.0.Mode=DMA_CIRCULAR
Dma.TIM1_CH1.0.PeriphBurst=DMA_PBURST_SINGLE
Dma.TIM1_CH1.0.PeriphDataAlignment=DMA_PDATAALIGN_HALFWORD
Dma.TIM1_CH1.0.PeriphInc=DMA_PINC_DISABLE
Dma.TIM1_CH1.0.Priority=DMA_PRIORITY_HIGH
Dma.TIM1_CH1.0.RequestParameters=Instance,Direction,PeriphInc,MemInc,PeriphDataAlignment,MemDataAlignment,Mode,Priority,FIFOMode,FIFOThreshold,MemBurst,PeriphBurst
Dma.TIM1_CH2.1.Direction=DMA_MEMORY_TO_PERIPH
Dma.TIM1_CH2.1.FIFOMode=DMA_FIFOMODE_ENABLE
Dma.TIM1_CH2.1.FIFOThreshold=DMA_FIFO_THRESHOLD_FULL
Dma.TIM1_CH2.1.Instance=DMA2_Stream2
Dma.TIM1_CH2.1.MemBurst=DMA_MBURST_SINGLE
Dma.TIM1_CH2.1.MemDataAlignment=DMA_MDATAALIGN_HALFWORD
Dma.TIM1_CH2.1.MemInc=DMA_MINC_ENABLE
Dma.TIM1_CH2.1.Mode=DMA_CIRCULAR
Dma.TIM1_CH2.1.PeriphBurst=DMA_PBURST_SINGLE
Dma.TIM1_CH2.1.PeriphDataAlignment=DMA_PDATAALIGN_HALFWORD
Dma.TIM1_CH2.1.PeriphInc=DMA_PINC_DISABLE
Dma.TIM1_CH2.1.Priority=DMA_PRIORITY_HIGH
Dma.TIM1_CH2.1.RequestParameters=Instance,Direction,PeriphInc,MemInc,PeriphDataAlignment,MemDataAlignment,Mode,Priority,FIFOMode,FIFOThreshold,MemBurst,PeriphBurst
FATFS.IPParameters=_USE_LFN,_FS_RPATH,_FS_EXFAT,_USE_FORWARD
FATFS._FS_EXFAT=0
FATFS._FS_RPATH=1
FATFS._USE_FORWARD=0
FATFS._USE_LFN=3
FSMC.AccessMode1=FSMC_ACCESS_MODE_A
FSMC.AddressSetupTime1=1
FSMC.BusTurnAroundDuration1=0
FSMC.DataSetupTime1=15
FSMC.ExtendedAddressSetupTime1=2
FSMC.ExtendedBusTurnAroundDuration1=0
FSMC.ExtendedDataSetupTime1=5
FSMC.ExtendedMode1=FSMC_EXTENDED_MODE_ENABLE
FSMC.IPParameters=AddressSetupTime1,DataSetupTime1,BusTurnAroundDuration1,ExtendedMode1,AccessMode1,ExtendedAddressSetupTime1,ExtendedDataSetupTime1,ExtendedBusTurnAroundDuration1
File.Version=6
KeepUserPlacement=false
Mcu.Family=STM32F4
Mcu.IP0=DMA
Mcu.IP1=FATFS
Mcu.IP10=TIM3
Mcu.IP11=USART2
Mcu.IP12=USB_HOST
Mcu.IP13=USB_OTG_FS
Mcu.IP2=FSMC
Mcu.IP3=NVIC
Mcu.IP4=RCC
Mcu.IP5=RTC
Mcu.IP6=SPI1
Mcu.IP7=SPI2
Mcu.IP8=SYS
Mcu.IP9=TIM1
Mcu.IPNb=14
Mcu.Name=STM32F407V(E-G)Tx
Mcu.Package=LQFP100
Mcu.Pin0=PE3
Mcu.Pin1=PE4
Mcu.Pin10=PA7
Mcu.Pin11=PC4
Mcu.Pin12=PC5
Mcu.Pin13=PB0
Mcu.Pin14=PB1
Mcu.Pin15=PE7
Mcu.Pin16=PE8
Mcu.Pin17=PE9
Mcu.Pin18=PE10
Mcu.Pin19=PE11
Mcu.Pin2=PC14-OSC32_IN
Mcu.Pin20=PE12
Mcu.Pin21=PE13
Mcu.Pin22=PE14
Mcu.Pin23=PE15
Mcu.Pin24=PB12
Mcu.Pin25=PB13
Mcu.Pin26=PB14
Mcu.Pin27=PB15
Mcu.Pin28=PD8
Mcu.Pin29=PD9
Mcu.Pin3=PC15-OSC32_OUT
Mcu.Pin30=PD10
Mcu.Pin31=PD13
Mcu.Pin32=PD14
Mcu.Pin33=PD15
Mcu.Pin34=PC8
Mcu.Pin35=PA8
Mcu.Pin36=PA9
Mcu.Pin37=PA11
Mcu.Pin38=PA12
Mcu.Pin39=PA13
Mcu.Pin4=PH0-OSC_IN
Mcu.Pin40=PA14
Mcu.Pin41=PC11
Mcu.Pin42=PC12
Mcu.Pin43=PD0
Mcu.Pin44=PD1
Mcu.Pin45=PD2
Mcu.Pin46=PD4
Mcu.Pin47=PD5
Mcu.Pin48=PD7
Mcu.Pin49=PB3
Mcu.Pin5=PH1-OSC_OUT
Mcu.Pin50=PB4
Mcu.Pin51=PB5
Mcu.Pin52=PB6
Mcu.Pin53=PB7
Mcu.Pin54=PB8
Mcu.Pin55=VP_FATFS_VS_Generic
Mcu.Pin56=VP_RTC_VS_RTC_Activate
Mcu.Pin57=VP_RTC_VS_RTC_Calendar
Mcu.Pin58=VP_SYS_VS_tim2
Mcu.Pin59=VP_TIM1_VS_ClockSourceINT
Mcu.Pin6=PA0-WKUP
Mcu.Pin60=VP_TIM3_VS_ClockSourceINT
Mcu.Pin61=VP_USB_HOST_VS_USB_HOST_HID_FS
Mcu.Pin7=PA2
Mcu.Pin8=PA3
Mcu.Pin9=PA6
Mcu.PinsNb=62
Mcu.ThirdPartyNb=0
Mcu.UserConstants=
Mcu.UserName=STM32F407VETx
MxCube.Version=5.0.1
MxDb.Version=DB.5.0.1
NVIC.BusFault_IRQn=true\:0\:0\:false\:false\:true\:false
NVIC.DMA2_Stream1_IRQn=true\:0\:0\:false\:true\:true\:2\:false
NVIC.DMA2_Stream2_IRQn=true\:0\:0\:false\:true\:true\:3\:false
NVIC.DebugMonitor_IRQn=true\:0\:0\:false\:false\:true\:false
NVIC.EXTI0_IRQn=true\:0\:0\:true\:false\:true\:true
NVIC.EXTI3_IRQn=true\:0\:0\:true\:false\:true\:true
NVIC.EXTI4_IRQn=true\:0\:0\:true\:false\:true\:true
NVIC.EXTI9_5_IRQn=true\:0\:0\:true\:false\:true\:true
NVIC.HardFault_IRQn=true\:0\:0\:false\:false\:true\:false
NVIC.MemoryManagement_IRQn=true\:0\:0\:false\:false\:true\:false
NVIC.NonMaskableInt_IRQn=true\:0\:0\:false\:false\:true\:false
NVIC.OTG_FS_IRQn=true\:0\:0\:true\:false\:true\:false
NVIC.PendSV_IRQn=true\:0\:0\:false\:false\:true\:false
NVIC.PriorityGroup=NVIC_PRIORITYGROUP_4
NVIC.SVCall_IRQn=true\:0\:0\:false\:false\:true\:false
NVIC.SysTick_IRQn=true\:0\:0\:false\:false\:true\:false
NVIC.TIM2_IRQn=true\:0\:0\:false\:false\:true\:false
NVIC.TIM3_IRQn=true\:0\:0\:true\:true\:true\:4\:true
NVIC.TimeBase=TIM2_IRQn
NVIC.TimeBaseIP=TIM2
NVIC.UsageFault_IRQn=true\:0\:0\:false\:false\:true\:false
PA0-WKUP.GPIOParameters=GPIO_PuPd,GPIO_Label
PA0-WKUP.GPIO_Label=PIN_WKUP
PA0-WKUP.GPIO_PuPd=GPIO_PULLDOWN
PA0-WKUP.Locked=true
PA0-WKUP.Signal=GPXTI0
PA11.Mode=Host_Only
PA11.Signal=USB_OTG_FS_DM
PA12.Mode=Host_Only
PA12.Signal=USB_OTG_FS_DP
PA13.Mode=Serial_Wire
PA13.Signal=SYS_JTMS-SWDIO
PA14.Mode=Serial_Wire
PA14.Signal=SYS_JTCK-SWCLK
PA2.Locked=true
PA2.Mode=Asynchronous
PA2.Signal=USART2_TX
PA3.Locked=true
PA3.Mode=Asynchronous
PA3.Signal=USART2_RX
PA6.GPIOParameters=GPIO_Label,GPIO_ModeDefaultOutputPP
PA6.GPIO_Label=LED1
PA6.GPIO_ModeDefaultOutputPP=GPIO_MODE_OUTPUT_OD
PA6.Locked=true
PA6.Signal=GPIO_Output
PA7.GPIOParameters=GPIO_Label,GPIO_ModeDefaultOutputPP
PA7.GPIO_Label=LED2
PA7.GPIO_ModeDefaultOutputPP=GPIO_MODE_OUTPUT_OD
PA7.Locked=true
PA7.Signal=GPIO_Output
PA8.GPIOParameters=GPIO_ModeDefaultPP,GPIO_Speed
PA8.GPIO_ModeDefaultPP=GPIO_MODE_AF_PP
PA8.GPIO_Speed=GPIO_SPEED_FREQ_HIGH
PA8.Locked=true
PA8.Signal=S_TIM1_CH1
PA9.GPIOParameters=GPIO_ModeDefaultPP,GPIO_Speed
PA9.GPIO_ModeDefaultPP=GPIO_MODE_AF_PP
PA9.GPIO_Speed=GPIO_SPEED_FREQ_HIGH
PA9.Locked=true
PA9.Signal=S_TIM1_CH2
PB0.GPIOParameters=GPIO_Label
PB0.GPIO_Label=FLASH_CS
PB0.Locked=true
PB0.Signal=GPIO_Output
PB1.Locked=true
PB1.Signal=S_TIM3_CH4
PB12.GPIOParameters=GPIO_Speed,PinState,GPIO_Label
PB12.GPIO_Label=TOUCH_CS
PB12.GPIO_Speed=GPIO_SPEED_FREQ_VERY_HIGH
PB12.Locked=true
PB12.PinState=GPIO_PIN_SET
PB12.Signal=GPIO_Output
PB13.Locked=true
PB13.Mode=Full_Duplex_Master
PB13.Signal=SPI2_SCK
PB14.Locked=true
PB14.Mode=Full_Duplex_Master
PB14.Signal=SPI2_MISO
PB15.Locked=true
PB15.Mode=Full_Duplex_Master
PB15.Signal=SPI2_MOSI
PB3.Mode=Full_Duplex_Master
PB3.Signal=SPI1_SCK
PB4.Mode=Full_Duplex_Master
PB4.Signal=SPI1_MISO
PB5.Mode=Full_Duplex_Master
PB5.Signal=SPI1_MOSI
PB6.GPIOParameters=GPIO_Label
PB6.GPIO_Label=NRF_CE
PB6.Locked=true
PB6.Signal=GPIO_Output
PB7.GPIOParameters=GPIO_Label
PB7.GPIO_Label=NRF_CS
PB7.Locked=true
PB7.Signal=GPIO_Output
PB8.GPIOParameters=GPIO_PuPd,GPIO_Label,GPIO_ModeDefaultEXTI
PB8.GPIO_Label=NRF_IRQ
PB8.GPIO_ModeDefaultEXTI=GPIO_MODE_IT_FALLING
PB8.GPIO_PuPd=GPIO_PULLUP
PB8.Locked=true
PB8.Signal=GPXTI8
PC11.GPIOParameters=GPIO_Speed,GPIO_Label
PC11.GPIO_Label=M_CS
PC11.GPIO_Speed=GPIO_SPEED_FREQ_VERY_HIGH
PC11.Locked=true
PC11.Signal=GPIO_Output
PC12.GPIOParameters=GPIO_Speed,GPIO_Label
PC12.GPIO_Label=M_CLK
PC12.GPIO_Speed=GPIO_SPEED_FREQ_VERY_HIGH
PC12.Locked=true
PC12.Signal=GPIO_Output
PC14-OSC32_IN.Mode=LSE-External-Oscillator
PC14-OSC32_IN.Signal=RCC_OSC32_IN
PC15-OSC32_OUT.Mode=LSE-External-Oscillator
PC15-OSC32_OUT.Signal=RCC_OSC32_OUT
PC4.GPIOParameters=GPIO_PuPd,GPIO_Label
PC4.GPIO_Label=JY_KEY
PC4.GPIO_PuPd=GPIO_PULLUP
PC4.Locked=true
PC4.Signal=GPIO_Input
PC5.GPIOParameters=GPIO_PuPd,GPIO_Label,GPIO_ModeDefaultEXTI
PC5.GPIO_Label=T_PEN
PC5.GPIO_ModeDefaultEXTI=GPIO_MODE_IT_FALLING
PC5.GPIO_PuPd=GPIO_PULLUP
PC5.Locked=true
PC5.Signal=GPXTI5
PC8.GPIOParameters=GPIO_Label
PC8.GPIO_Label=M_MISO
PC8.Locked=true
PC8.Signal=GPIO_Input
PCC.Checker=false
PCC.Line=STM32F407/417
PCC.MCU=STM32F407V(E-G)Tx
PCC.PartNumber=STM32F407VETx
PCC.Seq0=0
PCC.Series=STM32F4
PCC.Temperature=25
PCC.Vdd=3.3
PD0.GPIOParameters=GPIO_Speed_High_Default
PD0.GPIO_Speed_High_Default=GPIO_SPEED_FREQ_HIGH
PD0.Mode=16b-d1
PD0.Signal=FSMC_D2
PD1.GPIOParameters=GPIO_Speed_High_Default
PD1.GPIO_Speed_High_Default=GPIO_SPEED_FREQ_HIGH
PD1.Mode=16b-d1
PD1.Signal=FSMC_D3
PD10.GPIOParameters=GPIO_Speed_High_Default
PD10.GPIO_Speed_High_Default=GPIO_SPEED_FREQ_HIGH
PD10.Mode=16b-d1
PD10.Signal=FSMC_D15
PD13.GPIOParameters=GPIO_Speed_High_Default
PD13.GPIO_Speed_High_Default=GPIO_SPEED_FREQ_HIGH
PD13.Mode=A18_1
PD13.Signal=FSMC_A18
PD14.GPIOParameters=GPIO_Speed_High_Default
PD14.GPIO_Speed_High_Default=GPIO_SPEED_FREQ_HIGH
PD14.Mode=16b-d1
PD14.Signal=FSMC_D0
PD15.GPIOParameters=GPIO_Speed_High_Default
PD15.GPIO_Speed_High_Default=GPIO_SPEED_FREQ_HIGH
PD15.Mode=16b-d1
PD15.Signal=FSMC_D1
PD2.GPIOParameters=GPIO_Speed,GPIO_Label
PD2.GPIO_Label=M_MOSI
PD2.GPIO_Speed=GPIO_SPEED_FREQ_VERY_HIGH
PD2.Locked=true
PD2.Signal=GPIO_Output
PD4.GPIOParameters=GPIO_Speed_High_Default
PD4.GPIO_Speed_High_Default=GPIO_SPEED_FREQ_HIGH
PD4.Mode=Lcd1
PD4.Signal=FSMC_NOE
PD5.GPIOParameters=GPIO_Speed_High_Default
PD5.GPIO_Speed_High_Default=GPIO_SPEED_FREQ_HIGH
PD5.Mode=Lcd1
PD5.Signal=FSMC_NWE
PD7.GPIOParameters=GPIO_Speed_High_Default
PD7.GPIO_Speed_High_Default=GPIO_SPEED_FREQ_HIGH
PD7.Mode=NorPsramChipSelect1_1
PD7.Signal=FSMC_NE1
PD8.GPIOParameters=GPIO_Speed_High_Default
PD8.GPIO_Speed_High_Default=GPIO_SPEED_FREQ_HIGH
PD8.Mode=16b-d1
PD8.Signal=FSMC_D13
PD9.GPIOParameters=GPIO_Speed_High_Default
PD9.GPIO_Speed_High_Default=GPIO_SPEED_FREQ_HIGH
PD9.Mode=16b-d1
PD9.Signal=FSMC_D14
PE10.GPIOParameters=GPIO_Speed_High_Default
PE10.GPIO_Speed_High_Default=GPIO_SPEED_FREQ_HIGH
PE10.Mode=16b-d1
PE10.Signal=FSMC_D7
PE11.GPIOParameters=GPIO_Speed_High_Default
PE11.GPIO_Speed_High_Default=GPIO_SPEED_FREQ_HIGH
PE11.Mode=16b-d1
PE11.Signal=FSMC_D8
PE12.GPIOParameters=GPIO_Speed_High_Default
PE12.GPIO_Speed_High_Default=GPIO_SPEED_FREQ_HIGH
PE12.Mode=16b-d1
PE12.Signal=FSMC_D9
PE13.GPIOParameters=GPIO_Speed_High_Default
PE13.GPIO_Speed_High_Default=GPIO_SPEED_FREQ_HIGH
PE13.Mode=16b-d1
PE13.Signal=FSMC_D10
PE14.GPIOParameters=GPIO_Speed_High_Default
PE14.GPIO_Speed_High_Default=GPIO_SPEED_FREQ_HIGH
PE14.Mode=16b-d1
PE14.Signal=FSMC_D11
PE15.GPIOParameters=GPIO_Speed_High_Default
PE15.GPIO_Speed_High_Default=GPIO_SPEED_FREQ_HIGH
PE15.Mode=16b-d1
PE15.Signal=FSMC_D12
PE3.GPIOParameters=GPIO_PuPd,GPIO_Label,GPIO_ModeDefaultEXTI
PE3.GPIO_Label=KEY1
PE3.GPIO_ModeDefaultEXTI=GPIO_MODE_IT_FALLING
PE3.GPIO_PuPd=GPIO_PULLUP
PE3.Locked=true
PE3.Signal=GPXTI3
PE4.GPIOParameters=GPIO_PuPd,GPIO_Label,GPIO_ModeDefaultEXTI
PE4.GPIO_Label=KEY0
PE4.GPIO_ModeDefaultEXTI=GPIO_MODE_IT_FALLING
PE4.GPIO_PuPd=GPIO_PULLUP
PE4.Locked=true
PE4.Signal=GPXTI4
PE7.GPIOParameters=GPIO_Speed_High_Default
PE7.GPIO_Speed_High_Default=GPIO_SPEED_FREQ_HIGH
PE7.Mode=16b-d1
PE7.Signal=FSMC_D4
PE8.GPIOParameters=GPIO_Speed_High_Default
PE8.GPIO_Speed_High_Default=GPIO_SPEED_FREQ_HIGH
PE8.Mode=16b-d1
PE8.Signal=FSMC_D5
PE9.GPIOParameters=GPIO_Speed_High_Default
PE9.GPIO_Speed_High_Default=GPIO_SPEED_FREQ_HIGH
PE9.Mode=16b-d1
PE9.Signal=FSMC_D6
PH0-OSC_IN.Mode=HSE-External-Oscillator
PH0-OSC_IN.Signal=RCC_OSC_IN
PH1-OSC_OUT.Mode=HSE-External-Oscillator
PH1-OSC_OUT.Signal=RCC_OSC_OUT
PinOutPanel.RotationAngle=0
ProjectManager.AskForMigrate=true
ProjectManager.BackupPrevious=false
ProjectManager.CompilerOptimize=3
ProjectManager.ComputerToolchain=false
ProjectManager.CoupleFile=false
ProjectManager.CustomerFirmwarePackage=
ProjectManager.DefaultFWLocation=true
ProjectManager.DeletePrevious=true
ProjectManager.DeviceId=STM32F407VETx
ProjectManager.FirmwarePackage=STM32Cube FW_F4 V1.23.0
ProjectManager.FreePins=false
ProjectManager.HalAssertFull=false
ProjectManager.HeapSize=0x200
ProjectManager.KeepUserCode=true
ProjectManager.LastFirmware=true
ProjectManager.LibraryCopy=1
ProjectManager.MainLocation=Src
ProjectManager.NoMain=false
ProjectManager.PreviousToolchain=SW4STM32
ProjectManager.ProjectBuild=false
ProjectManager.ProjectFileName=stm32f407ve_boardRTA.ioc
ProjectManager.ProjectName=stm32f407ve_boardRTA
ProjectManager.StackSize=0x400
ProjectManager.TargetToolchain=SW4STM32
ProjectManager.ToolChainLocation=
ProjectManager.UnderRoot=true
ProjectManager.functionlistsort=1-MX_GPIO_Init-GPIO-false-HAL-true,2-MX_DMA_Init-DMA-false-HAL-true,3-SystemClock_Config-RCC-false-HAL-false,4-MX_RTC_Init-RTC-false-HAL-true,5-MX_SPI1_Init-SPI1-false-HAL-true,6-MX_FATFS_Init-FATFS-false-HAL-true,7-MX_FSMC_Init-FSMC-false-HAL-true,8-MX_SPI2_Init-SPI2-false-HAL-true,9-MX_TIM1_Init-TIM1-false-LL-true,10-MX_USART2_UART_Init-USART2-false-HAL-true,11-MX_TIM3_Init-TIM3-false-HAL-true,12-MX_USB_HOST_Init-USB_HOST-false-HAL-true
RCC.48MHZClocksFreq_Value=48000000
RCC.AHBFreq_Value=168000000
RCC.APB1CLKDivider=RCC_HCLK_DIV4
RCC.APB1Freq_Value=42000000
RCC.APB1TimFreq_Value=84000000
RCC.APB2CLKDivider=RCC_HCLK_DIV2
RCC.APB2Freq_Value=84000000
RCC.APB2TimFreq_Value=168000000
RCC.CortexFreq_Value=168000000
RCC.EthernetFreq_Value=168000000
RCC.FCLKCortexFreq_Value=168000000
RCC.FamilyName=M
RCC.HCLKFreq_Value=168000000
RCC.HSE_VALUE=8000000
RCC.HSI_VALUE=16000000
RCC.I2SClocksFreq_Value=192000000
RCC.IPParameters=48MHZClocksFreq_Value,AHBFreq_Value,APB1CLKDivider,APB1Freq_Value,APB1TimFreq_Value,APB2CLKDivider,APB2Freq_Value,APB2TimFreq_Value,CortexFreq_Value,EthernetFreq_Value,FCLKCortexFreq_Value,FamilyName,HCLKFreq_Value,HSE_VALUE,HSI_VALUE,I2SClocksFreq_Value,LSI_VALUE,MCO2PinFreq_Value,PLLCLKFreq_Value,PLLM,PLLN,PLLQ,PLLQCLKFreq_Value,RCC_RTC_Clock_Source,RCC_RTC_Clock_SourceVirtual,RTCFreq_Value,RTCHSEDivFreq_Value,SYSCLKFreq_VALUE,SYSCLKSource,VCOI2SOutputFreq_Value,VCOInputFreq_Value,VCOOutputFreq_Value,VcooutputI2S
RCC.LSI_VALUE=32000
RCC.MCO2PinFreq_Value=168000000
RCC.PLLCLKFreq_Value=168000000
RCC.PLLM=4
RCC.PLLN=168
RCC.PLLQ=7
RCC.PLLQCLKFreq_Value=48000000
RCC.RCC_RTC_Clock_Source=RCC_RTCCLKSOURCE_LSE
RCC.RCC_RTC_Clock_SourceVirtual=RCC_RTCCLKSOURCE_LSE
RCC.RTCFreq_Value=32768
RCC.RTCHSEDivFreq_Value=4000000
RCC.SYSCLKFreq_VALUE=168000000
RCC.SYSCLKSource=RCC_SYSCLKSOURCE_PLLCLK
RCC.VCOI2SOutputFreq_Value=384000000
RCC.VCOInputFreq_Value=2000000
RCC.VCOOutputFreq_Value=336000000
RCC.VcooutputI2S=192000000
SH.GPXTI0.0=GPIO_EXTI0
SH.GPXTI0.ConfNb=1
SH.GPXTI3.0=GPIO_EXTI3
SH.GPXTI3.ConfNb=1
SH.GPXTI4.0=GPIO_EXTI4
SH.GPXTI4.ConfNb=1
SH.GPXTI5.0=GPIO_EXTI5
SH.GPXTI5.ConfNb=1
SH.GPXTI8.0=GPIO_EXTI8
SH.GPXTI8.ConfNb=1
SH.S_TIM1_CH1.0=TIM1_CH1,PWM Generation1 CH1
SH.S_TIM1_CH1.ConfNb=1
SH.S_TIM1_CH2.0=TIM1_CH2,PWM Generation2 CH2
SH.S_TIM1_CH2.ConfNb=1
SH.S_TIM3_CH4.0=TIM3_CH4,PWM Generation4 CH4
SH.S_TIM3_CH4.ConfNb=1
SPI1.CalculateBaudRate=42.0 MBits/s
SPI1.Direction=SPI_DIRECTION_2LINES
SPI1.IPParameters=VirtualType,Mode,Direction,CalculateBaudRate
SPI1.Mode=SPI_MODE_MASTER
SPI1.VirtualType=VM_MASTER
SPI2.BaudRatePrescaler=SPI_BAUDRATEPRESCALER_256
SPI2.CalculateBaudRate=164.062 KBits/s
SPI2.Direction=SPI_DIRECTION_2LINES
SPI2.IPParameters=VirtualType,Mode,Direction,CalculateBaudRate,BaudRatePrescaler
SPI2.Mode=SPI_MODE_MASTER
SPI2.VirtualType=VM_MASTER
TIM1.Channel-PWM\ Generation1\ CH1=TIM_CHANNEL_1
TIM1.Channel-PWM\ Generation2\ CH2=TIM_CHANNEL_2
TIM1.IPParameters=Prescaler,Period,Channel-PWM Generation1 CH1,Channel-PWM Generation2 CH2
TIM1.Period=3809
TIM1.Prescaler=0
TIM3.Channel-PWM\ Generation4\ CH4=TIM_CHANNEL_4
TIM3.IPParameters=Channel-PWM Generation4 CH4,Prescaler,Period,Pulse-PWM Generation4 CH4
TIM3.Period=1000-1
TIM3.Prescaler=84-1
TIM3.Pulse-PWM\ Generation4\ CH4=500-1
USART2.IPParameters=VirtualMode
USART2.VirtualMode=VM_ASYNC
USB_HOST.IPParameters=VirtualModeFS,USBH_HandleTypeDef-HID_FS,USBH_DEBUG_LEVEL-HID_FS
USB_HOST.USBH_DEBUG_LEVEL-HID_FS=3
USB_HOST.USBH_HandleTypeDef-HID_FS=hUsbHostFS
USB_HOST.VirtualModeFS=Hid
USB_OTG_FS.IPParameters=VirtualMode,phy_itface
USB_OTG_FS.VirtualMode=Host_Only
USB_OTG_FS.phy_itface=HCD_PHY_EMBEDDED
VP_FATFS_VS_Generic.Mode=User_defined
VP_FATFS_VS_Generic.Signal=FATFS_VS_Generic
VP_RTC_VS_RTC_Activate.Mode=RTC_Enabled
VP_RTC_VS_RTC_Activate.Signal=RTC_VS_RTC_Activate
VP_RTC_VS_RTC_Calendar.Mode=RTC_Calendar
VP_RTC_VS_RTC_Calendar.Signal=RTC_VS_RTC_Calendar
VP_SYS_VS_tim2.Mode=TIM2
VP_SYS_VS_tim2.Signal=SYS_VS_tim2
VP_TIM1_VS_ClockSourceINT.Mode=Internal
VP_TIM1_VS_ClockSourceINT.Signal=TIM1_VS_ClockSourceINT
VP_TIM3_VS_ClockSourceINT.Mode=Internal
VP_TIM3_VS_ClockSourceINT.Signal=TIM3_VS_ClockSourceINT
VP_USB_HOST_VS_USB_HOST_HID_FS.Mode=HID_FS
VP_USB_HOST_VS_USB_HOST_HID_FS.Signal=USB_HOST_VS_USB_HOST_HID_FS
board=stm32f407ve_board
